
Microsoft Visual Studio Solution File, Format Version 12.00
# Visual Studio Version 17
VisualStudioVersion = 17.3.32825.248
MinimumVisualStudioVersion = 10.0.40219.1
Project("{2150E333-8FDC-42A3-9474-1A3956D46DE8}") = "corePackages", "corePackages", "{1BE26A04-6F7F-4AD3-85F9-BC544F263034}"
EndProject
Project("{9A19103F-16F7-4668-BE54-9A1E7A4F7556}") = "Core.Application", "Core.Application\Core.Application.csproj", "{718EAFE1-B002-4503-8313-79D7FF73810D}"
EndProject
Project("{9A19103F-16F7-4668-BE54-9A1E7A4F7556}") = "Core.CrossCuttingConcerns", "Core.CrossCuttingConcerns\Core.CrossCuttingConcerns.csproj", "{7DA40F58-4049-4C0F-A94F-A5A14ED01072}"
EndProject
Project("{9A19103F-16F7-4668-BE54-9A1E7A4F7556}") = "Core.ElasticSearch", "Core.ElasticSearch\Core.ElasticSearch.csproj", "{0416011F-BA13-4CC1-A49F-E54A1908195E}"
EndProject
Project("{9A19103F-16F7-4668-BE54-9A1E7A4F7556}") = "Core.Mailing", "Core.Mailing\Core.Mailing.csproj", "{8DA554BD-01AF-4E53-882E-E8C08D5DCAD8}"
EndProject
Project("{9A19103F-16F7-4668-BE54-9A1E7A4F7556}") = "Core.Persistence", "Core.Persistence\Core.Persistence.csproj", "{48DB3C70-5B29-4D69-A7A9-10A5796A2DD4}"
EndProject
Project("{9A19103F-16F7-4668-BE54-9A1E7A4F7556}") = "Core.Security", "Core.Security\Core.Security.csproj", "{071F9422-DFF4-43BB-9AC7-9CBF28CE3420}"
EndProject
Project("{2150E333-8FDC-42A3-9474-1A3956D46DE8}") = "kodlamaDevs", "kodlamaDevs", "{AB8700BD-45AA-4F85-81D3-9403807970A8}"
EndProject
Project("{FAE04EC0-301F-11D3-BF4B-00C04F79EFBC}") = "Application", "Application\Application.csproj", "{4458DBBC-E8FE-4DFC-9809-CDA36BEE5461}"
EndProject
Project("{FAE04EC0-301F-11D3-BF4B-00C04F79EFBC}") = "Domain", "Domain\Domain.csproj", "{C1D23EA7-B72D-474C-94D8-3C9A2DBDD9B4}"
EndProject
Project("{FAE04EC0-301F-11D3-BF4B-00C04F79EFBC}") = "Infrastructure", "Infrastructure\Infrastructure.csproj", "{AAA524FC-47AE-4FDE-B553-A680CE1D664A}"
EndProject
Project("{FAE04EC0-301F-11D3-BF4B-00C04F79EFBC}") = "Persistence", "Persistence\Persistence.csproj", "{77BE0CBE-AE3E-43FE-9E24-F24942461AAF}"
EndProject
Project("{FAE04EC0-301F-11D3-BF4B-00C04F79EFBC}") = "WebAPI", "WebAPI\WebAPI.csproj", "{576A75C4-B0D7-4E92-891C-B6FF5C5B1D17}"
EndProject
Global
	GlobalSection(SolutionConfigurationPlatforms) = preSolution
		Debug|Any CPU = Debug|Any CPU
		Release|Any CPU = Release|Any CPU
	EndGlobalSection
	GlobalSection(ProjectConfigurationPlatforms) = postSolution
		{718EAFE1-B002-4503-8313-79D7FF73810D}.Debug|Any CPU.ActiveCfg = Debug|Any CPU
		{718EAFE1-B002-4503-8313-79D7FF73810D}.Debug|Any CPU.Build.0 = Debug|Any CPU
		{718EAFE1-B002-4503-8313-79D7FF73810D}.Release|Any CPU.ActiveCfg = Release|Any CPU
		{718EAFE1-B002-4503-8313-79D7FF73810D}.Release|Any CPU.Build.0 = Release|Any CPU
		{7DA40F58-4049-4C0F-A94F-A5A14ED01072}.Debug|Any CPU.ActiveCfg = Debug|Any CPU
		{7DA40F58-4049-4C0F-A94F-A5A14ED01072}.Debug|Any CPU.Build.0 = Debug|Any CPU
		{7DA40F58-4049-4C0F-A94F-A5A14ED01072}.Release|Any CPU.ActiveCfg = Release|Any CPU
		{7DA40F58-4049-4C0F-A94F-A5A14ED01072}.Release|Any CPU.Build.0 = Release|Any CPU
		{0416011F-BA13-4CC1-A49F-E54A1908195E}.Debug|Any CPU.ActiveCfg = Debug|Any CPU
		{0416011F-BA13-4CC1-A49F-E54A1908195E}.Debug|Any CPU.Build.0 = Debug|Any CPU
		{0416011F-BA13-4CC1-A49F-E54A1908195E}.Release|Any CPU.ActiveCfg = Release|Any CPU
		{0416011F-BA13-4CC1-A49F-E54A1908195E}.Release|Any CPU.Build.0 = Release|Any CPU
		{8DA554BD-01AF-4E53-882E-E8C08D5DCAD8}.Debug|Any CPU.ActiveCfg = Debug|Any CPU
		{8DA554BD-01AF-4E53-882E-E8C08D5DCAD8}.Debug|Any CPU.Build.0 = Debug|Any CPU
		{8DA554BD-01AF-4E53-882E-E8C08D5DCAD8}.Release|Any CPU.ActiveCfg = Release|Any CPU
		{8DA554BD-01AF-4E53-882E-E8C08D5DCAD8}.Release|Any CPU.Build.0 = Release|Any CPU
		{48DB3C70-5B29-4D69-A7A9-10A5796A2DD4}.Debug|Any CPU.ActiveCfg = Debug|Any CPU
		{48DB3C70-5B29-4D69-A7A9-10A5796A2DD4}.Debug|Any CPU.Build.0 = Debug|Any CPU
		{48DB3C70-5B29-4D69-A7A9-10A5796A2DD4}.Release|Any CPU.ActiveCfg = Release|Any CPU
		{48DB3C70-5B29-4D69-A7A9-10A5796A2DD4}.Release|Any CPU.Build.0 = Release|Any CPU
		{071F9422-DFF4-43BB-9AC7-9CBF28CE3420}.Debug|Any CPU.ActiveCfg = Debug|Any CPU
		{071F9422-DFF4-43BB-9AC7-9CBF28CE3420}.Debug|Any CPU.Build.0 = Debug|Any CPU
		{071F9422-DFF4-43BB-9AC7-9CBF28CE3420}.Release|Any CPU.ActiveCfg = Release|Any CPU
		{071F9422-DFF4-43BB-9AC7-9CBF28CE3420}.Release|Any CPU.Build.0 = Release|Any CPU
		{4458DBBC-E8FE-4DFC-9809-CDA36BEE5461}.Debug|Any CPU.ActiveCfg = Debug|Any CPU
		{4458DBBC-E8FE-4DFC-9809-CDA36BEE5461}.Debug|Any CPU.Build.0 = Debug|Any CPU
		{4458DBBC-E8FE-4DFC-9809-CDA36BEE5461}.Release|Any CPU.ActiveCfg = Release|Any CPU
		{4458DBBC-E8FE-4DFC-9809-CDA36BEE5461}.Release|Any CPU.Build.0 = Release|Any CPU
		{C1D23EA7-B72D-474C-94D8-3C9A2DBDD9B4}.Debug|Any CPU.ActiveCfg = Debug|Any CPU
		{C1D23EA7-B72D-474C-94D8-3C9A2DBDD9B4}.Debug|Any CPU.Build.0 = Debug|Any CPU
		{C1D23EA7-B72D-474C-94D8-3C9A2DBDD9B4}.Release|Any CPU.ActiveCfg = Release|Any CPU
		{C1D23EA7-B72D-474C-94D8-3C9A2DBDD9B4}.Release|Any CPU.Build.0 = Release|Any CPU
		{AAA524FC-47AE-4FDE-B553-A680CE1D664A}.Debug|Any CPU.ActiveCfg = Debug|Any CPU
		{AAA524FC-47AE-4FDE-B553-A680CE1D664A}.Debug|Any CPU.Build.0 = Debug|Any CPU
		{AAA524FC-47AE-4FDE-B553-A680CE1D664A}.Release|Any CPU.ActiveCfg = Release|Any CPU
		{AAA524FC-47AE-4FDE-B553-A680CE1D664A}.Release|Any CPU.Build.0 = Release|Any CPU
		{77BE0CBE-AE3E-43FE-9E24-F24942461AAF}.Debug|Any CPU.ActiveCfg = Debug|Any CPU
		{77BE0CBE-AE3E-43FE-9E24-F24942461AAF}.Debug|Any CPU.Build.0 = Debug|Any CPU
		{77BE0CBE-AE3E-43FE-9E24-F24942461AAF}.Release|Any CPU.ActiveCfg = Release|Any CPU
		{77BE0CBE-AE3E-43FE-9E24-F24942461AAF}.Release|Any CPU.Build.0 = Release|Any CPU
		{576A75C4-B0D7-4E92-891C-B6FF5C5B1D17}.Debug|Any CPU.ActiveCfg = Debug|Any CPU
		{576A75C4-B0D7-4E92-891C-B6FF5C5B1D17}.Debug|Any CPU.Build.0 = Debug|Any CPU
		{576A75C4-B0D7-4E92-891C-B6FF5C5B1D17}.Release|Any CPU.ActiveCfg = Release|Any CPU
		{576A75C4-B0D7-4E92-891C-B6FF5C5B1D17}.Release|Any CPU.Build.0 = Release|Any CPU
	EndGlobalSection
	GlobalSection(SolutionProperties) = preSolution
		HideSolutionNode = FALSE
	EndGlobalSection
	GlobalSection(NestedProjects) = preSolution
		{718EAFE1-B002-4503-8313-79D7FF73810D} = {1BE26A04-6F7F-4AD3-85F9-BC544F263034}
		{7DA40F58-4049-4C0F-A94F-A5A14ED01072} = {1BE26A04-6F7F-4AD3-85F9-BC544F263034}
		{0416011F-BA13-4CC1-A49F-E54A1908195E} = {1BE26A04-6F7F-4AD3-85F9-BC544F263034}
		{8DA554BD-01AF-4E53-882E-E8C08D5DCAD8} = {1BE26A04-6F7F-4AD3-85F9-BC544F263034}
		{48DB3C70-5B29-4D69-A7A9-10A5796A2DD4} = {1BE26A04-6F7F-4AD3-85F9-BC544F263034}
		{071F9422-DFF4-43BB-9AC7-9CBF28CE3420} = {1BE26A04-6F7F-4AD3-85F9-BC544F263034}
		{4458DBBC-E8FE-4DFC-9809-CDA36BEE5461} = {AB8700BD-45AA-4F85-81D3-9403807970A8}
		{C1D23EA7-B72D-474C-94D8-3C9A2DBDD9B4} = {AB8700BD-45AA-4F85-81D3-9403807970A8}
		{AAA524FC-47AE-4FDE-B553-A680CE1D664A} = {AB8700BD-45AA-4F85-81D3-9403807970A8}
		{77BE0CBE-AE3E-43FE-9E24-F24942461AAF} = {AB8700BD-45AA-4F85-81D3-9403807970A8}
		{576A75C4-B0D7-4E92-891C-B6FF5C5B1D17} = {AB8700BD-45AA-4F85-81D3-9403807970A8}
	EndGlobalSection
	GlobalSection(ExtensibilityGlobals) = postSolution
		SolutionGuid = {65E5D307-ACBF-4275-9C04-AFCD004DC302}
	EndGlobalSection
EndGlobal
